
Microsoft Visual Studio Solution File, Format Version 12.00
# Visual Studio Version 17
VisualStudioVersion = 17.11.35219.272
MinimumVisualStudioVersion = 10.0.40219.1
Project("{FAE04EC0-301F-11D3-BF4B-00C04F79EFBC}") = "ProyectoMovies", "ProyectoMovies\ProyectoMovies.csproj", "{4C1F7E4E-0AAA-4BBB-B600-360CC2039455}"
EndProject
Global
	GlobalSection(SolutionConfigurationPlatforms) = preSolution
		Debug|Any CPU = Debug|Any CPU
		Release|Any CPU = Release|Any CPU
	EndGlobalSection
	GlobalSection(ProjectConfigurationPlatforms) = postSolution
		{4C1F7E4E-0AAA-4BBB-B600-360CC2039455}.Debug|Any CPU.ActiveCfg = Debug|Any CPU
		{4C1F7E4E-0AAA-4BBB-B600-360CC2039455}.Debug|Any CPU.Build.0 = Debug|Any CPU
		{4C1F7E4E-0AAA-4BBB-B600-360CC2039455}.Release|Any CPU.ActiveCfg = Release|Any CPU
		{4C1F7E4E-0AAA-4BBB-B600-360CC2039455}.Release|Any CPU.Build.0 = Release|Any CPU
	EndGlobalSection
	GlobalSection(SolutionProperties) = preSolution
		HideSolutionNode = FALSE
	EndGlobalSection
	GlobalSection(ExtensibilityGlobals) = postSolution
		SolutionGuid = {0F4D32B5-F52C-4CFB-87D3-987AD2CA76EE}
	EndGlobalSection
EndGlobal
